
Microsoft Visual Studio Solution File, Format Version 12.00
# Visual Studio Version 17
VisualStudioVersion = 17.6.33723.286
MinimumVisualStudioVersion = 15.0.26124.0
Project("{9A19103F-16F7-4668-BE54-9A1E7A4F7556}") = "POLSIM.Client", "Client\POLSIM.Client.csproj", "{B542B08E-8C6D-4A7E-B8A5-25CA5C0E1BE9}"
EndProject
Project("{9A19103F-16F7-4668-BE54-9A1E7A4F7556}") = "POLSIM.Server", "Server\POLSIM.Server.csproj", "{001B247F-6E01-4697-8F51-0B6FBE459D03}"
EndProject
Global
	GlobalSection(SolutionConfigurationPlatforms) = preSolution
		Debug|Any CPU = Debug|Any CPU
		Release|Any CPU = Release|Any CPU
	EndGlobalSection
	GlobalSection(ProjectConfigurationPlatforms) = postSolution
		{B542B08E-8C6D-4A7E-B8A5-25CA5C0E1BE9}.Debug|Any CPU.ActiveCfg = Debug|Any CPU
		{B542B08E-8C6D-4A7E-B8A5-25CA5C0E1BE9}.Debug|Any CPU.Build.0 = Debug|Any CPU
		{B542B08E-8C6D-4A7E-B8A5-25CA5C0E1BE9}.Release|Any CPU.ActiveCfg = Release|Any CPU
		{B542B08E-8C6D-4A7E-B8A5-25CA5C0E1BE9}.Release|Any CPU.Build.0 = Release|Any CPU
		{001B247F-6E01-4697-8F51-0B6FBE459D03}.Debug|Any CPU.ActiveCfg = Debug|Any CPU
		{001B247F-6E01-4697-8F51-0B6FBE459D03}.Debug|Any CPU.Build.0 = Debug|Any CPU
		{001B247F-6E01-4697-8F51-0B6FBE459D03}.Release|Any CPU.ActiveCfg = Release|Any CPU
		{001B247F-6E01-4697-8F51-0B6FBE459D03}.Release|Any CPU.Build.0 = Release|Any CPU
	EndGlobalSection
	GlobalSection(SolutionProperties) = preSolution
		HideSolutionNode = FALSE
	EndGlobalSection
	GlobalSection(ExtensibilityGlobals) = postSolution
		SolutionGuid = {FB19862D-8AA4-42B8-90C2-BCDE1014A778}
	EndGlobalSection
EndGlobal
